
Microsoft Visual Studio Solution File, Format Version 12.00
# Visual Studio Version 17
VisualStudioVersion = 17.8.34511.84
MinimumVisualStudioVersion = 10.0.40219.1
Project("{FAE04EC0-301F-11D3-BF4B-00C04F79EFBC}") = "CONTROLLER", "CONTROLLER.csproj", "{301B3AF2-25DF-4272-AB1B-FC5AA941C4D1}"
EndProject
Project("{FAE04EC0-301F-11D3-BF4B-00C04F79EFBC}") = "MODEL", "..\MODEL\MODEL.csproj", "{7B302E03-DCB6-4464-B336-2ADE175A530D}"
EndProject
Project("{FAE04EC0-301F-11D3-BF4B-00C04F79EFBC}") = "VIEW", "..\VIEW\VIEW.csproj", "{3CA7FF0B-05CE-453F-B042-1878AA0BDD54}"
EndProject
Global
	GlobalSection(SolutionConfigurationPlatforms) = preSolution
		Debug|Any CPU = Debug|Any CPU
		Release|Any CPU = Release|Any CPU
	EndGlobalSection
	GlobalSection(ProjectConfigurationPlatforms) = postSolution
		{301B3AF2-25DF-4272-AB1B-FC5AA941C4D1}.Debug|Any CPU.ActiveCfg = Debug|Any CPU
		{301B3AF2-25DF-4272-AB1B-FC5AA941C4D1}.Debug|Any CPU.Build.0 = Debug|Any CPU
		{301B3AF2-25DF-4272-AB1B-FC5AA941C4D1}.Release|Any CPU.ActiveCfg = Release|Any CPU
		{301B3AF2-25DF-4272-AB1B-FC5AA941C4D1}.Release|Any CPU.Build.0 = Release|Any CPU
		{7B302E03-DCB6-4464-B336-2ADE175A530D}.Debug|Any CPU.ActiveCfg = Debug|Any CPU
		{7B302E03-DCB6-4464-B336-2ADE175A530D}.Debug|Any CPU.Build.0 = Debug|Any CPU
		{7B302E03-DCB6-4464-B336-2ADE175A530D}.Release|Any CPU.ActiveCfg = Release|Any CPU
		{7B302E03-DCB6-4464-B336-2ADE175A530D}.Release|Any CPU.Build.0 = Release|Any CPU
		{3CA7FF0B-05CE-453F-B042-1878AA0BDD54}.Debug|Any CPU.ActiveCfg = Debug|Any CPU
		{3CA7FF0B-05CE-453F-B042-1878AA0BDD54}.Debug|Any CPU.Build.0 = Debug|Any CPU
		{3CA7FF0B-05CE-453F-B042-1878AA0BDD54}.Release|Any CPU.ActiveCfg = Release|Any CPU
		{3CA7FF0B-05CE-453F-B042-1878AA0BDD54}.Release|Any CPU.Build.0 = Release|Any CPU
	EndGlobalSection
	GlobalSection(SolutionProperties) = preSolution
		HideSolutionNode = FALSE
	EndGlobalSection
	GlobalSection(ExtensibilityGlobals) = postSolution
		SolutionGuid = {4E2F0FA2-B054-4916-8985-A6AD86DE63A9}
	EndGlobalSection
EndGlobal
